// !$*UTF8*$!
{
	archiveVersion = 1;
	classes = {
	};
	objectVersion = 46;
	objects = {

/* Begin PBXBuildFile section */
		621BB0571E53271D004E9F4D /* AsteroidFragment.swift in Sources */ = {isa = PBXBuildFile; fileRef = 621BB0561E53271D004E9F4D /* AsteroidFragment.swift */; };
		621C0B201E269EEB00557431 /* LeaderboardEntry.swift in Sources */ = {isa = PBXBuildFile; fileRef = 621C0B1F1E269EEB00557431 /* LeaderboardEntry.swift */; };
		623F1DD81E49123400A700DB /* asteroidExplosion.sks in Resources */ = {isa = PBXBuildFile; fileRef = 623F1DD71E49123400A700DB /* asteroidExplosion.sks */; };
		624E78391E9D292F00AA8DEB /* ThrusterParticle_0.sks in Resources */ = {isa = PBXBuildFile; fileRef = 624E78321E9D292F00AA8DEB /* ThrusterParticle_0.sks */; };
		624E783A1E9D292F00AA8DEB /* ThrusterParticle_1.sks in Resources */ = {isa = PBXBuildFile; fileRef = 624E78331E9D292F00AA8DEB /* ThrusterParticle_1.sks */; };
		624E783B1E9D292F00AA8DEB /* ThrusterParticle_2.sks in Resources */ = {isa = PBXBuildFile; fileRef = 624E78341E9D292F00AA8DEB /* ThrusterParticle_2.sks */; };
		624E783C1E9D292F00AA8DEB /* ThrusterParticle_3.sks in Resources */ = {isa = PBXBuildFile; fileRef = 624E78351E9D292F00AA8DEB /* ThrusterParticle_3.sks */; };
		624E783D1E9D292F00AA8DEB /* ThrusterParticle_4.sks in Resources */ = {isa = PBXBuildFile; fileRef = 624E78361E9D292F00AA8DEB /* ThrusterParticle_4.sks */; };
		624E783E1E9D292F00AA8DEB /* ThrusterParticle_5.sks in Resources */ = {isa = PBXBuildFile; fileRef = 624E78371E9D292F00AA8DEB /* ThrusterParticle_5.sks */; };
		624E783F1E9D292F00AA8DEB /* ThrusterParticle_6.sks in Resources */ = {isa = PBXBuildFile; fileRef = 624E78381E9D292F00AA8DEB /* ThrusterParticle_6.sks */; };
		624E78491E9D328700AA8DEB /* Assets.xcassets in Resources */ = {isa = PBXBuildFile; fileRef = 624E78481E9D328700AA8DEB /* Assets.xcassets */; };
		624E784B1E9D391400AA8DEB /* background.mp3 in Resources */ = {isa = PBXBuildFile; fileRef = 624E784A1E9D391400AA8DEB /* background.mp3 */; };
		6257F31C1E29645900D49376 /* Difficulty.swift in Sources */ = {isa = PBXBuildFile; fileRef = 6257F31B1E29645900D49376 /* Difficulty.swift */; };
		62750FF71DDA6AE900358E4A /* GameState.swift in Sources */ = {isa = PBXBuildFile; fileRef = 62750FF61DDA6AE900358E4A /* GameState.swift */; };
		62750FF91DDA6ED500358E4A /* MainMenu.swift in Sources */ = {isa = PBXBuildFile; fileRef = 62750FF81DDA6ED500358E4A /* MainMenu.swift */; };
		62750FFB1DDA6EDF00358E4A /* GameHUD.swift in Sources */ = {isa = PBXBuildFile; fileRef = 62750FFA1DDA6EDF00358E4A /* GameHUD.swift */; };
		62750FFD1DDA6EE600358E4A /* PauseMenu.swift in Sources */ = {isa = PBXBuildFile; fileRef = 62750FFC1DDA6EE600358E4A /* PauseMenu.swift */; };
		62750FFF1DDA719200358E4A /* GameOverScreen.swift in Sources */ = {isa = PBXBuildFile; fileRef = 62750FFE1DDA719200358E4A /* GameOverScreen.swift */; };
		62798A681DD8AAEF001F1DA8 /* AppDelegate.swift in Sources */ = {isa = PBXBuildFile; fileRef = 62798A531DD8AAEF001F1DA8 /* AppDelegate.swift */; };
		62798A6A1DD8AAEF001F1DA8 /* Asteroid.swift in Sources */ = {isa = PBXBuildFile; fileRef = 62798A551DD8AAEF001F1DA8 /* Asteroid.swift */; };
		62798A6C1DD8AAEF001F1DA8 /* CollisionHandler.swift in Sources */ = {isa = PBXBuildFile; fileRef = 62798A571DD8AAEF001F1DA8 /* CollisionHandler.swift */; };
		62798A6D1DD8AAEF001F1DA8 /* Counter.swift in Sources */ = {isa = PBXBuildFile; fileRef = 62798A581DD8AAEF001F1DA8 /* Counter.swift */; };
		62798A6F1DD8AAEF001F1DA8 /* ExplosionParticle.sks in Resources */ = {isa = PBXBuildFile; fileRef = 62798A5A1DD8AAEF001F1DA8 /* ExplosionParticle.sks */; };
		62798A701DD8AAEF001F1DA8 /* GameScene.sks in Resources */ = {isa = PBXBuildFile; fileRef = 62798A5B1DD8AAEF001F1DA8 /* GameScene.sks */; };
		62798A711DD8AAEF001F1DA8 /* GameScene.swift in Sources */ = {isa = PBXBuildFile; fileRef = 62798A5C1DD8AAEF001F1DA8 /* GameScene.swift */; };
		62798A721DD8AAEF001F1DA8 /* GameViewController.swift in Sources */ = {isa = PBXBuildFile; fileRef = 62798A5D1DD8AAEF001F1DA8 /* GameViewController.swift */; };
		62798A731DD8AAEF001F1DA8 /* UserInterface.swift in Sources */ = {isa = PBXBuildFile; fileRef = 62798A5E1DD8AAEF001F1DA8 /* UserInterface.swift */; };
		62798A741DD8AAEF001F1DA8 /* InputHandler.swift in Sources */ = {isa = PBXBuildFile; fileRef = 62798A5F1DD8AAEF001F1DA8 /* InputHandler.swift */; };
		62798A751DD8AAEF001F1DA8 /* LaserBeam.swift in Sources */ = {isa = PBXBuildFile; fileRef = 62798A601DD8AAEF001F1DA8 /* LaserBeam.swift */; };
		62798A761DD8AAEF001F1DA8 /* Player.swift in Sources */ = {isa = PBXBuildFile; fileRef = 62798A611DD8AAEF001F1DA8 /* Player.swift */; };
		62798A771DD8AAEF001F1DA8 /* Powerup.swift in Sources */ = {isa = PBXBuildFile; fileRef = 62798A621DD8AAEF001F1DA8 /* Powerup.swift */; };
		62798A781DD8AAEF001F1DA8 /* Save.swift in Sources */ = {isa = PBXBuildFile; fileRef = 62798A641DD8AAEF001F1DA8 /* Save.swift */; };
		62798A791DD8AAEF001F1DA8 /* TextureCache.swift in Sources */ = {isa = PBXBuildFile; fileRef = 62798A651DD8AAEF001F1DA8 /* TextureCache.swift */; };
		6294E0C51DD8AD5200191D1A /* Main.storyboard in Resources */ = {isa = PBXBuildFile; fileRef = 6294E0C31DD8AD5200191D1A /* Main.storyboard */; };
		6294E0C61DD8AD5200191D1A /* LaunchScreen.storyboard in Resources */ = {isa = PBXBuildFile; fileRef = 6294E0C41DD8AD5200191D1A /* LaunchScreen.storyboard */; };
		CE0084471DE309F9006DE43A /* LocalisedStringMachine.swift in Sources */ = {isa = PBXBuildFile; fileRef = CE0084461DE309F9006DE43A /* LocalisedStringMachine.swift */; };
		CE507A131DE3446D0019CD0D /* Vector3D.swift in Sources */ = {isa = PBXBuildFile; fileRef = CE507A121DE3446D0019CD0D /* Vector3D.swift */; };
		CE5B26011DD02ACE00A0AB64 /* RocksTests.swift in Sources */ = {isa = PBXBuildFile; fileRef = CE5B26001DD02ACE00A0AB64 /* RocksTests.swift */; };
		CE5B260C1DD02ACE00A0AB64 /* RocksUITests.swift in Sources */ = {isa = PBXBuildFile; fileRef = CE5B260B1DD02ACE00A0AB64 /* RocksUITests.swift */; };
		CE621EDE1DE106300005360F /* REColour.swift in Sources */ = {isa = PBXBuildFile; fileRef = CE621EDD1DE106300005360F /* REColour.swift */; };
		CE8083B91E54B89300749B52 /* FragmentEmitter.swift in Sources */ = {isa = PBXBuildFile; fileRef = CE8083B81E54B89300749B52 /* FragmentEmitter.swift */; };
		CEA114921DDD192300E47335 /* Ship.swift in Sources */ = {isa = PBXBuildFile; fileRef = CEA114911DDD192300E47335 /* Ship.swift */; };
		CEAA9B2D1DDB8B9F00203FD1 /* LeaderboardFrontEnd.swift in Sources */ = {isa = PBXBuildFile; fileRef = CEAA9B2C1DDB8B9F00203FD1 /* LeaderboardFrontEnd.swift */; };
		CEAA9B2F1DDB8BAE00203FD1 /* LeaderboardBackEnd.swift in Sources */ = {isa = PBXBuildFile; fileRef = CEAA9B2E1DDB8BAE00203FD1 /* LeaderboardBackEnd.swift */; };
		CEAA9B311DDB8FD600203FD1 /* CustomiseScreen.swift in Sources */ = {isa = PBXBuildFile; fileRef = CEAA9B301DDB8FD600203FD1 /* CustomiseScreen.swift */; };
		CEAA9B331DDB900C00203FD1 /* AboutScreen.swift in Sources */ = {isa = PBXBuildFile; fileRef = CEAA9B321DDB900C00203FD1 /* AboutScreen.swift */; };
		CEAA9B351DDB905C00203FD1 /* OptionsScreen.swift in Sources */ = {isa = PBXBuildFile; fileRef = CEAA9B341DDB905C00203FD1 /* OptionsScreen.swift */; };
		CEAA9B371DDBCF9900203FD1 /* Stars.swift in Sources */ = {isa = PBXBuildFile; fileRef = CEAA9B361DDBCF9900203FD1 /* Stars.swift */; };
/* End PBXBuildFile section */

/* Begin PBXContainerItemProxy section */
		CE5B25FD1DD02ACE00A0AB64 /* PBXContainerItemProxy */ = {
			isa = PBXContainerItemProxy;
			containerPortal = CE5B25DA1DD02ACE00A0AB64 /* Project object */;
			proxyType = 1;
			remoteGlobalIDString = CE5B25E11DD02ACE00A0AB64;
			remoteInfo = SnowboardingGamePrototype;
		};
		CE5B26081DD02ACE00A0AB64 /* PBXContainerItemProxy */ = {
			isa = PBXContainerItemProxy;
			containerPortal = CE5B25DA1DD02ACE00A0AB64 /* Project object */;
			proxyType = 1;
			remoteGlobalIDString = CE5B25E11DD02ACE00A0AB64;
			remoteInfo = SnowboardingGamePrototype;
		};
/* End PBXContainerItemProxy section */

/* Begin PBXFileReference section */
		621BB0561E53271D004E9F4D /* AsteroidFragment.swift */ = {isa = PBXFileReference; fileEncoding = 4; lastKnownFileType = sourcecode.swift; name = AsteroidFragment.swift; path = Rocks/AsteroidFragment.swift; sourceTree = SOURCE_ROOT; };
		621C0B1F1E269EEB00557431 /* LeaderboardEntry.swift */ = {isa = PBXFileReference; fileEncoding = 4; lastKnownFileType = sourcecode.swift; name = LeaderboardEntry.swift; path = Rocks/LeaderboardEntry.swift; sourceTree = SOURCE_ROOT; };
		623F1DD71E49123400A700DB /* asteroidExplosion.sks */ = {isa = PBXFileReference; lastKnownFileType = file.sks; name = asteroidExplosion.sks; path = Rocks/asteroidExplosion.sks; sourceTree = SOURCE_ROOT; };
		624E78321E9D292F00AA8DEB /* ThrusterParticle_0.sks */ = {isa = PBXFileReference; lastKnownFileType = file.sks; name = ThrusterParticle_0.sks; path = Rocks/Thrusters/ThrusterParticle_0.sks; sourceTree = SOURCE_ROOT; };
		624E78331E9D292F00AA8DEB /* ThrusterParticle_1.sks */ = {isa = PBXFileReference; lastKnownFileType = file.sks; name = ThrusterParticle_1.sks; path = Rocks/Thrusters/ThrusterParticle_1.sks; sourceTree = SOURCE_ROOT; };
		624E78341E9D292F00AA8DEB /* ThrusterParticle_2.sks */ = {isa = PBXFileReference; lastKnownFileType = file.sks; name = ThrusterParticle_2.sks; path = Rocks/Thrusters/ThrusterParticle_2.sks; sourceTree = SOURCE_ROOT; };
		624E78351E9D292F00AA8DEB /* ThrusterParticle_3.sks */ = {isa = PBXFileReference; lastKnownFileType = file.sks; name = ThrusterParticle_3.sks; path = Rocks/Thrusters/ThrusterParticle_3.sks; sourceTree = SOURCE_ROOT; };
		624E78361E9D292F00AA8DEB /* ThrusterParticle_4.sks */ = {isa = PBXFileReference; lastKnownFileType = file.sks; name = ThrusterParticle_4.sks; path = Rocks/Thrusters/ThrusterParticle_4.sks; sourceTree = SOURCE_ROOT; };
		624E78371E9D292F00AA8DEB /* ThrusterParticle_5.sks */ = {isa = PBXFileReference; lastKnownFileType = file.sks; name = ThrusterParticle_5.sks; path = Rocks/Thrusters/ThrusterParticle_5.sks; sourceTree = SOURCE_ROOT; };
		624E78381E9D292F00AA8DEB /* ThrusterParticle_6.sks */ = {isa = PBXFileReference; lastKnownFileType = file.sks; name = ThrusterParticle_6.sks; path = Rocks/Thrusters/ThrusterParticle_6.sks; sourceTree = SOURCE_ROOT; };
		624E78481E9D328700AA8DEB /* Assets.xcassets */ = {isa = PBXFileReference; lastKnownFileType = folder.assetcatalog; name = Assets.xcassets; path = Rocks/Assets.xcassets; sourceTree = SOURCE_ROOT; };
		624E784A1E9D391400AA8DEB /* background.mp3 */ = {isa = PBXFileReference; lastKnownFileType = audio.mp3; path = background.mp3; sourceTree = SOURCE_ROOT; };
		6257F31B1E29645900D49376 /* Difficulty.swift */ = {isa = PBXFileReference; fileEncoding = 4; lastKnownFileType = sourcecode.swift; name = Difficulty.swift; path = Rocks/Difficulty.swift; sourceTree = SOURCE_ROOT; };
		62750FF61DDA6AE900358E4A /* GameState.swift */ = {isa = PBXFileReference; fileEncoding = 4; lastKnownFileType = sourcecode.swift; name = GameState.swift; path = Rocks/GameState.swift; sourceTree = SOURCE_ROOT; };
		62750FF81DDA6ED500358E4A /* MainMenu.swift */ = {isa = PBXFileReference; fileEncoding = 4; lastKnownFileType = sourcecode.swift; name = MainMenu.swift; path = Rocks/MainMenu.swift; sourceTree = SOURCE_ROOT; };
		62750FFA1DDA6EDF00358E4A /* GameHUD.swift */ = {isa = PBXFileReference; fileEncoding = 4; lastKnownFileType = sourcecode.swift; name = GameHUD.swift; path = Rocks/GameHUD.swift; sourceTree = SOURCE_ROOT; };
		62750FFC1DDA6EE600358E4A /* PauseMenu.swift */ = {isa = PBXFileReference; fileEncoding = 4; lastKnownFileType = sourcecode.swift; name = PauseMenu.swift; path = Rocks/PauseMenu.swift; sourceTree = SOURCE_ROOT; };
		62750FFE1DDA719200358E4A /* GameOverScreen.swift */ = {isa = PBXFileReference; fileEncoding = 4; lastKnownFileType = sourcecode.swift; name = GameOverScreen.swift; path = Rocks/GameOverScreen.swift; sourceTree = SOURCE_ROOT; };
		62798A521DD8AAEF001F1DA8 /* Info.plist */ = {isa = PBXFileReference; fileEncoding = 4; lastKnownFileType = text.plist.xml; name = Info.plist; path = Rocks/Info.plist; sourceTree = SOURCE_ROOT; };
		62798A531DD8AAEF001F1DA8 /* AppDelegate.swift */ = {isa = PBXFileReference; fileEncoding = 4; lastKnownFileType = sourcecode.swift; name = AppDelegate.swift; path = Rocks/AppDelegate.swift; sourceTree = SOURCE_ROOT; };
		62798A551DD8AAEF001F1DA8 /* Asteroid.swift */ = {isa = PBXFileReference; fileEncoding = 4; lastKnownFileType = sourcecode.swift; name = Asteroid.swift; path = Rocks/Asteroid.swift; sourceTree = SOURCE_ROOT; };
		62798A571DD8AAEF001F1DA8 /* CollisionHandler.swift */ = {isa = PBXFileReference; fileEncoding = 4; lastKnownFileType = sourcecode.swift; name = CollisionHandler.swift; path = Rocks/CollisionHandler.swift; sourceTree = SOURCE_ROOT; };
		62798A581DD8AAEF001F1DA8 /* Counter.swift */ = {isa = PBXFileReference; fileEncoding = 4; lastKnownFileType = sourcecode.swift; name = Counter.swift; path = Rocks/Counter.swift; sourceTree = SOURCE_ROOT; };
		62798A5A1DD8AAEF001F1DA8 /* ExplosionParticle.sks */ = {isa = PBXFileReference; lastKnownFileType = file.sks; name = ExplosionParticle.sks; path = Rocks/ExplosionParticle.sks; sourceTree = SOURCE_ROOT; };
		62798A5B1DD8AAEF001F1DA8 /* GameScene.sks */ = {isa = PBXFileReference; lastKnownFileType = file.sks; name = GameScene.sks; path = Rocks/GameScene.sks; sourceTree = SOURCE_ROOT; };
		62798A5C1DD8AAEF001F1DA8 /* GameScene.swift */ = {isa = PBXFileReference; fileEncoding = 4; lastKnownFileType = sourcecode.swift; name = GameScene.swift; path = Rocks/GameScene.swift; sourceTree = SOURCE_ROOT; };
		62798A5D1DD8AAEF001F1DA8 /* GameViewController.swift */ = {isa = PBXFileReference; fileEncoding = 4; lastKnownFileType = sourcecode.swift; name = GameViewController.swift; path = Rocks/GameViewController.swift; sourceTree = SOURCE_ROOT; };
		62798A5E1DD8AAEF001F1DA8 /* UserInterface.swift */ = {isa = PBXFileReference; fileEncoding = 4; lastKnownFileType = sourcecode.swift; name = UserInterface.swift; path = Rocks/UserInterface.swift; sourceTree = SOURCE_ROOT; };
		62798A5F1DD8AAEF001F1DA8 /* InputHandler.swift */ = {isa = PBXFileReference; fileEncoding = 4; lastKnownFileType = sourcecode.swift; name = InputHandler.swift; path = Rocks/InputHandler.swift; sourceTree = SOURCE_ROOT; };
		62798A601DD8AAEF001F1DA8 /* LaserBeam.swift */ = {isa = PBXFileReference; fileEncoding = 4; lastKnownFileType = sourcecode.swift; name = LaserBeam.swift; path = Rocks/LaserBeam.swift; sourceTree = SOURCE_ROOT; };
		62798A611DD8AAEF001F1DA8 /* Player.swift */ = {isa = PBXFileReference; fileEncoding = 4; lastKnownFileType = sourcecode.swift; name = Player.swift; path = Rocks/Player.swift; sourceTree = SOURCE_ROOT; };
		62798A621DD8AAEF001F1DA8 /* Powerup.swift */ = {isa = PBXFileReference; fileEncoding = 4; lastKnownFileType = sourcecode.swift; name = Powerup.swift; path = Rocks/Powerup.swift; sourceTree = SOURCE_ROOT; };
		62798A631DD8AAEF001F1DA8 /* Rocks.entitlements */ = {isa = PBXFileReference; fileEncoding = 4; lastKnownFileType = text.plist.entitlements; name = Rocks.entitlements; path = Rocks/Rocks.entitlements; sourceTree = SOURCE_ROOT; };
		62798A641DD8AAEF001F1DA8 /* Save.swift */ = {isa = PBXFileReference; fileEncoding = 4; lastKnownFileType = sourcecode.swift; name = Save.swift; path = Rocks/Save.swift; sourceTree = SOURCE_ROOT; };
		62798A651DD8AAEF001F1DA8 /* TextureCache.swift */ = {isa = PBXFileReference; fileEncoding = 4; lastKnownFileType = sourcecode.swift; name = TextureCache.swift; path = Rocks/TextureCache.swift; sourceTree = SOURCE_ROOT; };
		6294E0C31DD8AD5200191D1A /* Main.storyboard */ = {isa = PBXFileReference; fileEncoding = 4; lastKnownFileType = file.storyboard; name = Main.storyboard; path = Rocks/Main.storyboard; sourceTree = SOURCE_ROOT; };
		6294E0C41DD8AD5200191D1A /* LaunchScreen.storyboard */ = {isa = PBXFileReference; fileEncoding = 4; lastKnownFileType = file.storyboard; name = LaunchScreen.storyboard; path = Rocks/LaunchScreen.storyboard; sourceTree = SOURCE_ROOT; };
		CE0084461DE309F9006DE43A /* LocalisedStringMachine.swift */ = {isa = PBXFileReference; fileEncoding = 4; lastKnownFileType = sourcecode.swift; name = LocalisedStringMachine.swift; path = Rocks/LocalisedStringMachine.swift; sourceTree = SOURCE_ROOT; };
		CE507A121DE3446D0019CD0D /* Vector3D.swift */ = {isa = PBXFileReference; fileEncoding = 4; lastKnownFileType = sourcecode.swift; name = Vector3D.swift; path = Rocks/Vector3D.swift; sourceTree = SOURCE_ROOT; };
		CE5B25E21DD02ACE00A0AB64 /* Rocks.app */ = {isa = PBXFileReference; explicitFileType = wrapper.application; includeInIndex = 0; path = Rocks.app; sourceTree = BUILT_PRODUCTS_DIR; };
		CE5B25FC1DD02ACE00A0AB64 /* RocksTests.xctest */ = {isa = PBXFileReference; explicitFileType = wrapper.cfbundle; includeInIndex = 0; path = RocksTests.xctest; sourceTree = BUILT_PRODUCTS_DIR; };
		CE5B26001DD02ACE00A0AB64 /* RocksTests.swift */ = {isa = PBXFileReference; lastKnownFileType = sourcecode.swift; path = RocksTests.swift; sourceTree = "<group>"; };
		CE5B26021DD02ACE00A0AB64 /* Info.plist */ = {isa = PBXFileReference; lastKnownFileType = text.plist.xml; path = Info.plist; sourceTree = "<group>"; };
		CE5B26071DD02ACE00A0AB64 /* RocksUITests.xctest */ = {isa = PBXFileReference; explicitFileType = wrapper.cfbundle; includeInIndex = 0; path = RocksUITests.xctest; sourceTree = BUILT_PRODUCTS_DIR; };
		CE5B260B1DD02ACE00A0AB64 /* RocksUITests.swift */ = {isa = PBXFileReference; lastKnownFileType = sourcecode.swift; path = RocksUITests.swift; sourceTree = "<group>"; };
		CE5B260D1DD02ACE00A0AB64 /* Info.plist */ = {isa = PBXFileReference; lastKnownFileType = text.plist.xml; path = Info.plist; sourceTree = "<group>"; };
		CE621EDD1DE106300005360F /* REColour.swift */ = {isa = PBXFileReference; fileEncoding = 4; lastKnownFileType = sourcecode.swift; name = REColour.swift; path = Rocks/REColour.swift; sourceTree = SOURCE_ROOT; };
		CE8083B81E54B89300749B52 /* FragmentEmitter.swift */ = {isa = PBXFileReference; fileEncoding = 4; lastKnownFileType = sourcecode.swift; name = FragmentEmitter.swift; path = Rocks/FragmentEmitter.swift; sourceTree = SOURCE_ROOT; };
		CEA114911DDD192300E47335 /* Ship.swift */ = {isa = PBXFileReference; fileEncoding = 4; lastKnownFileType = sourcecode.swift; name = Ship.swift; path = Rocks/Ship.swift; sourceTree = SOURCE_ROOT; };
		CEAA9B2C1DDB8B9F00203FD1 /* LeaderboardFrontEnd.swift */ = {isa = PBXFileReference; fileEncoding = 4; lastKnownFileType = sourcecode.swift; name = LeaderboardFrontEnd.swift; path = Rocks/LeaderboardFrontEnd.swift; sourceTree = SOURCE_ROOT; };
		CEAA9B2E1DDB8BAE00203FD1 /* LeaderboardBackEnd.swift */ = {isa = PBXFileReference; fileEncoding = 4; lastKnownFileType = sourcecode.swift; name = LeaderboardBackEnd.swift; path = Rocks/LeaderboardBackEnd.swift; sourceTree = SOURCE_ROOT; };
		CEAA9B301DDB8FD600203FD1 /* CustomiseScreen.swift */ = {isa = PBXFileReference; fileEncoding = 4; lastKnownFileType = sourcecode.swift; name = CustomiseScreen.swift; path = Rocks/CustomiseScreen.swift; sourceTree = SOURCE_ROOT; };
		CEAA9B321DDB900C00203FD1 /* AboutScreen.swift */ = {isa = PBXFileReference; fileEncoding = 4; lastKnownFileType = sourcecode.swift; name = AboutScreen.swift; path = Rocks/AboutScreen.swift; sourceTree = SOURCE_ROOT; };
		CEAA9B341DDB905C00203FD1 /* OptionsScreen.swift */ = {isa = PBXFileReference; fileEncoding = 4; lastKnownFileType = sourcecode.swift; name = OptionsScreen.swift; path = Rocks/OptionsScreen.swift; sourceTree = SOURCE_ROOT; };
		CEAA9B361DDBCF9900203FD1 /* Stars.swift */ = {isa = PBXFileReference; fileEncoding = 4; lastKnownFileType = sourcecode.swift; name = Stars.swift; path = Rocks/Stars.swift; sourceTree = SOURCE_ROOT; };
/* End PBXFileReference section */

/* Begin PBXFrameworksBuildPhase section */
		CE5B25DF1DD02ACE00A0AB64 /* Frameworks */ = {
			isa = PBXFrameworksBuildPhase;
			buildActionMask = 2147483647;
			files = (
			);
			runOnlyForDeploymentPostprocessing = 0;
		};
		CE5B25F91DD02ACE00A0AB64 /* Frameworks */ = {
			isa = PBXFrameworksBuildPhase;
			buildActionMask = 2147483647;
			files = (
			);
			runOnlyForDeploymentPostprocessing = 0;
		};
		CE5B26041DD02ACE00A0AB64 /* Frameworks */ = {
			isa = PBXFrameworksBuildPhase;
			buildActionMask = 2147483647;
			files = (
			);
			runOnlyForDeploymentPostprocessing = 0;
		};
/* End PBXFrameworksBuildPhase section */

/* Begin PBXGroup section */
		624E78311E9D291D00AA8DEB /* ParticleEffects */ = {
			isa = PBXGroup;
			children = (
				624E78321E9D292F00AA8DEB /* ThrusterParticle_0.sks */,
				624E78331E9D292F00AA8DEB /* ThrusterParticle_1.sks */,
				623F1DD71E49123400A700DB /* asteroidExplosion.sks */,
				62798A5A1DD8AAEF001F1DA8 /* ExplosionParticle.sks */,
				624E78341E9D292F00AA8DEB /* ThrusterParticle_2.sks */,
				624E78351E9D292F00AA8DEB /* ThrusterParticle_3.sks */,
				624E78361E9D292F00AA8DEB /* ThrusterParticle_4.sks */,
				624E78371E9D292F00AA8DEB /* ThrusterParticle_5.sks */,
				624E78381E9D292F00AA8DEB /* ThrusterParticle_6.sks */,
			);
			name = ParticleEffects;
			sourceTree = "<group>";
		};
		624E78401E9D294500AA8DEB /* UI */ = {
			isa = PBXGroup;
			children = (
				CEAA9B321DDB900C00203FD1 /* AboutScreen.swift */,
				CEAA9B301DDB8FD600203FD1 /* CustomiseScreen.swift */,
				62750FFA1DDA6EDF00358E4A /* GameHUD.swift */,
				62750FFE1DDA719200358E4A /* GameOverScreen.swift */,
				62750FF81DDA6ED500358E4A /* MainMenu.swift */,
				CEAA9B341DDB905C00203FD1 /* OptionsScreen.swift */,
				62750FFC1DDA6EE600358E4A /* PauseMenu.swift */,
				62798A5E1DD8AAEF001F1DA8 /* UserInterface.swift */,
			);
			name = UI;
			sourceTree = "<group>";
		};
		624E78411E9D297E00AA8DEB /* Actors */ = {
			isa = PBXGroup;
			children = (
				62798A551DD8AAEF001F1DA8 /* Asteroid.swift */,
				621BB0561E53271D004E9F4D /* AsteroidFragment.swift */,
				CE8083B81E54B89300749B52 /* FragmentEmitter.swift */,
				62798A601DD8AAEF001F1DA8 /* LaserBeam.swift */,
				62798A611DD8AAEF001F1DA8 /* Player.swift */,
				62798A621DD8AAEF001F1DA8 /* Powerup.swift */,
				CEA114911DDD192300E47335 /* Ship.swift */,
				CEAA9B361DDBCF9900203FD1 /* Stars.swift */,
			);
			name = Actors;
			sourceTree = "<group>";
		};
		624E78421E9D29C100AA8DEB /* Systems */ = {
			isa = PBXGroup;
			children = (
				62798A571DD8AAEF001F1DA8 /* CollisionHandler.swift */,
				62798A5F1DD8AAEF001F1DA8 /* InputHandler.swift */,
				62798A641DD8AAEF001F1DA8 /* Save.swift */,
			);
			name = Systems;
			sourceTree = "<group>";
		};
		624E78431E9D29E100AA8DEB /* Utility */ = {
			isa = PBXGroup;
			children = (
				62798A581DD8AAEF001F1DA8 /* Counter.swift */,
				6257F31B1E29645900D49376 /* Difficulty.swift */,
				CE0084461DE309F9006DE43A /* LocalisedStringMachine.swift */,
				CE621EDD1DE106300005360F /* REColour.swift */,
				62798A651DD8AAEF001F1DA8 /* TextureCache.swift */,
				CE507A121DE3446D0019CD0D /* Vector3D.swift */,
			);
			name = Utility;
			sourceTree = "<group>";
		};
		624E78441E9D2A0000AA8DEB /* Application */ = {
			isa = PBXGroup;
			children = (
				62798A531DD8AAEF001F1DA8 /* AppDelegate.swift */,
				62798A5D1DD8AAEF001F1DA8 /* GameViewController.swift */,
				62798A521DD8AAEF001F1DA8 /* Info.plist */,
				6294E0C41DD8AD5200191D1A /* LaunchScreen.storyboard */,
				6294E0C31DD8AD5200191D1A /* Main.storyboard */,
				62798A631DD8AAEF001F1DA8 /* Rocks.entitlements */,
			);
			name = Application;
			sourceTree = "<group>";
		};
		624E78451E9D2A2100AA8DEB /* Game */ = {
			isa = PBXGroup;
			children = (
				62798A5B1DD8AAEF001F1DA8 /* GameScene.sks */,
				62798A5C1DD8AAEF001F1DA8 /* GameScene.swift */,
				62750FF61DDA6AE900358E4A /* GameState.swift */,
			);
			name = Game;
			sourceTree = "<group>";
		};
		624E78461E9D2A3000AA8DEB /* Online */ = {
			isa = PBXGroup;
			children = (
				CEAA9B2E1DDB8BAE00203FD1 /* LeaderboardBackEnd.swift */,
				621C0B1F1E269EEB00557431 /* LeaderboardEntry.swift */,
				CEAA9B2C1DDB8B9F00203FD1 /* LeaderboardFrontEnd.swift */,
			);
			name = Online;
			sourceTree = "<group>";
		};
		624E78471E9D2A5600AA8DEB /* Music */ = {
			isa = PBXGroup;
			children = (
				624E784A1E9D391400AA8DEB /* background.mp3 */,
			);
			name = Music;
			sourceTree = "<group>";
		};
		A13F95381DDB94DB00244A27 /* Frameworks */ = {
			isa = PBXGroup;
			children = (
			);
			name = Frameworks;
			sourceTree = "<group>";
		};
		CE5B25D91DD02ACE00A0AB64 = {
			isa = PBXGroup;
			children = (
				CE5B25E41DD02ACE00A0AB64 /* Rocks */,
				CE5B25FF1DD02ACE00A0AB64 /* RocksTests */,
				CE5B260A1DD02ACE00A0AB64 /* RocksUITests */,
				CE5B25E31DD02ACE00A0AB64 /* Products */,
				A13F95381DDB94DB00244A27 /* Frameworks */,
			);
			sourceTree = "<group>";
		};
		CE5B25E31DD02ACE00A0AB64 /* Products */ = {
			isa = PBXGroup;
			children = (
				CE5B25E21DD02ACE00A0AB64 /* Rocks.app */,
				CE5B25FC1DD02ACE00A0AB64 /* RocksTests.xctest */,
				CE5B26071DD02ACE00A0AB64 /* RocksUITests.xctest */,
			);
			name = Products;
			sourceTree = "<group>";
		};
		CE5B25E41DD02ACE00A0AB64 /* Rocks */ = {
			isa = PBXGroup;
			children = (
				624E78481E9D328700AA8DEB /* Assets.xcassets */,
				624E78471E9D2A5600AA8DEB /* Music */,
				624E78461E9D2A3000AA8DEB /* Online */,
				624E78451E9D2A2100AA8DEB /* Game */,
				624E78441E9D2A0000AA8DEB /* Application */,
				624E78431E9D29E100AA8DEB /* Utility */,
				624E78421E9D29C100AA8DEB /* Systems */,
				624E78411E9D297E00AA8DEB /* Actors */,
				624E78401E9D294500AA8DEB /* UI */,
				624E78311E9D291D00AA8DEB /* ParticleEffects */,
			);
			name = Rocks;
			path = SnowboardingGamePrototype;
			sourceTree = "<group>";
		};
		CE5B25FF1DD02ACE00A0AB64 /* RocksTests */ = {
			isa = PBXGroup;
			children = (
				CE5B26001DD02ACE00A0AB64 /* RocksTests.swift */,
				CE5B26021DD02ACE00A0AB64 /* Info.plist */,
			);
			name = RocksTests;
			path = SnowboardingGamePrototypeTests;
			sourceTree = "<group>";
		};
		CE5B260A1DD02ACE00A0AB64 /* RocksUITests */ = {
			isa = PBXGroup;
			children = (
				CE5B260B1DD02ACE00A0AB64 /* RocksUITests.swift */,
				CE5B260D1DD02ACE00A0AB64 /* Info.plist */,
			);
			name = RocksUITests;
			path = SnowboardingGamePrototypeUITests;
			sourceTree = "<group>";
		};
/* End PBXGroup section */

/* Begin PBXNativeTarget section */
		CE5B25E11DD02ACE00A0AB64 /* Rocks */ = {
			isa = PBXNativeTarget;
			buildConfigurationList = CE5B26101DD02ACE00A0AB64 /* Build configuration list for PBXNativeTarget "Rocks" */;
			buildPhases = (
				CE5B25DE1DD02ACE00A0AB64 /* Sources */,
				CE5B25DF1DD02ACE00A0AB64 /* Frameworks */,
				CE5B25E01DD02ACE00A0AB64 /* Resources */,
			);
			buildRules = (
			);
			dependencies = (
			);
			name = Rocks;
			productName = SnowboardingGamePrototype;
			productReference = CE5B25E21DD02ACE00A0AB64 /* Rocks.app */;
			productType = "com.apple.product-type.application";
		};
		CE5B25FB1DD02ACE00A0AB64 /* RocksTests */ = {
			isa = PBXNativeTarget;
			buildConfigurationList = CE5B26131DD02ACE00A0AB64 /* Build configuration list for PBXNativeTarget "RocksTests" */;
			buildPhases = (
				CE5B25F81DD02ACE00A0AB64 /* Sources */,
				CE5B25F91DD02ACE00A0AB64 /* Frameworks */,
				CE5B25FA1DD02ACE00A0AB64 /* Resources */,
			);
			buildRules = (
			);
			dependencies = (
				CE5B25FE1DD02ACE00A0AB64 /* PBXTargetDependency */,
			);
			name = RocksTests;
			productName = SnowboardingGamePrototypeTests;
			productReference = CE5B25FC1DD02ACE00A0AB64 /* RocksTests.xctest */;
			productType = "com.apple.product-type.bundle.unit-test";
		};
		CE5B26061DD02ACE00A0AB64 /* RocksUITests */ = {
			isa = PBXNativeTarget;
			buildConfigurationList = CE5B26161DD02ACE00A0AB64 /* Build configuration list for PBXNativeTarget "RocksUITests" */;
			buildPhases = (
				CE5B26031DD02ACE00A0AB64 /* Sources */,
				CE5B26041DD02ACE00A0AB64 /* Frameworks */,
				CE5B26051DD02ACE00A0AB64 /* Resources */,
			);
			buildRules = (
			);
			dependencies = (
				CE5B26091DD02ACE00A0AB64 /* PBXTargetDependency */,
			);
			name = RocksUITests;
			productName = SnowboardingGamePrototypeUITests;
			productReference = CE5B26071DD02ACE00A0AB64 /* RocksUITests.xctest */;
			productType = "com.apple.product-type.bundle.ui-testing";
		};
/* End PBXNativeTarget section */

/* Begin PBXProject section */
		CE5B25DA1DD02ACE00A0AB64 /* Project object */ = {
			isa = PBXProject;
			attributes = {
				LastSwiftUpdateCheck = 0810;
				LastUpgradeCheck = 0820;
				ORGANIZATIONNAME = "Ryan Needham";
				TargetAttributes = {
					CE5B25E11DD02ACE00A0AB64 = {
						CreatedOnToolsVersion = 8.1;
						DevelopmentTeam = EM2LKXB8R4;
						LastSwiftMigration = 0820;
						ProvisioningStyle = Automatic;
						SystemCapabilities = {
							com.apple.GameCenter = {
								enabled = 0;
							};
							com.apple.iCloud = {
								enabled = 0;
							};
						};
					};
					CE5B25FB1DD02ACE00A0AB64 = {
						CreatedOnToolsVersion = 8.1;
						ProvisioningStyle = Automatic;
						TestTargetID = CE5B25E11DD02ACE00A0AB64;
					};
					CE5B26061DD02ACE00A0AB64 = {
						CreatedOnToolsVersion = 8.1;
						ProvisioningStyle = Automatic;
						TestTargetID = CE5B25E11DD02ACE00A0AB64;
					};
				};
			};
			buildConfigurationList = CE5B25DD1DD02ACE00A0AB64 /* Build configuration list for PBXProject "Rocks" */;
			compatibilityVersion = "Xcode 3.2";
			developmentRegion = English;
			hasScannedForEncodings = 0;
			knownRegions = (
				en,
				Base,
			);
			mainGroup = CE5B25D91DD02ACE00A0AB64;
			productRefGroup = CE5B25E31DD02ACE00A0AB64 /* Products */;
			projectDirPath = "";
			projectRoot = "";
			targets = (
				CE5B25E11DD02ACE00A0AB64 /* Rocks */,
				CE5B25FB1DD02ACE00A0AB64 /* RocksTests */,
				CE5B26061DD02ACE00A0AB64 /* RocksUITests */,
			);
		};
/* End PBXProject section */

/* Begin PBXResourcesBuildPhase section */
		CE5B25E01DD02ACE00A0AB64 /* Resources */ = {
			isa = PBXResourcesBuildPhase;
			buildActionMask = 2147483647;
			files = (
				624E783F1E9D292F00AA8DEB /* ThrusterParticle_6.sks in Resources */,
				624E78391E9D292F00AA8DEB /* ThrusterParticle_0.sks in Resources */,
				623F1DD81E49123400A700DB /* asteroidExplosion.sks in Resources */,
				624E78491E9D328700AA8DEB /* Assets.xcassets in Resources */,
				6294E0C51DD8AD5200191D1A /* Main.storyboard in Resources */,
				624E783E1E9D292F00AA8DEB /* ThrusterParticle_5.sks in Resources */,
				6294E0C61DD8AD5200191D1A /* LaunchScreen.storyboard in Resources */,
				624E783B1E9D292F00AA8DEB /* ThrusterParticle_2.sks in Resources */,
				62798A701DD8AAEF001F1DA8 /* GameScene.sks in Resources */,
				624E783C1E9D292F00AA8DEB /* ThrusterParticle_3.sks in Resources */,
				624E783A1E9D292F00AA8DEB /* ThrusterParticle_1.sks in Resources */,
				624E783D1E9D292F00AA8DEB /* ThrusterParticle_4.sks in Resources */,
				624E784B1E9D391400AA8DEB /* background.mp3 in Resources */,
				62798A6F1DD8AAEF001F1DA8 /* ExplosionParticle.sks in Resources */,
			);
			runOnlyForDeploymentPostprocessing = 0;
		};
		CE5B25FA1DD02ACE00A0AB64 /* Resources */ = {
			isa = PBXResourcesBuildPhase;
			buildActionMask = 2147483647;
			files = (
			);
			runOnlyForDeploymentPostprocessing = 0;
		};
		CE5B26051DD02ACE00A0AB64 /* Resources */ = {
			isa = PBXResourcesBuildPhase;
			buildActionMask = 2147483647;
			files = (
			);
			runOnlyForDeploymentPostprocessing = 0;
		};
/* End PBXResourcesBuildPhase section */

/* Begin PBXSourcesBuildPhase section */
		CE5B25DE1DD02ACE00A0AB64 /* Sources */ = {
			isa = PBXSourcesBuildPhase;
			buildActionMask = 2147483647;
			files = (
				6257F31C1E29645900D49376 /* Difficulty.swift in Sources */,
				621BB0571E53271D004E9F4D /* AsteroidFragment.swift in Sources */,
				62798A791DD8AAEF001F1DA8 /* TextureCache.swift in Sources */,
				CEAA9B371DDBCF9900203FD1 /* Stars.swift in Sources */,
				62798A761DD8AAEF001F1DA8 /* Player.swift in Sources */,
				CE507A131DE3446D0019CD0D /* Vector3D.swift in Sources */,
				62798A721DD8AAEF001F1DA8 /* GameViewController.swift in Sources */,
				62750FF91DDA6ED500358E4A /* MainMenu.swift in Sources */,
				CEA114921DDD192300E47335 /* Ship.swift in Sources */,
				62798A771DD8AAEF001F1DA8 /* Powerup.swift in Sources */,
				62750FFD1DDA6EE600358E4A /* PauseMenu.swift in Sources */,
				CEAA9B311DDB8FD600203FD1 /* CustomiseScreen.swift in Sources */,
				62798A741DD8AAEF001F1DA8 /* InputHandler.swift in Sources */,
				62798A711DD8AAEF001F1DA8 /* GameScene.swift in Sources */,
				CE0084471DE309F9006DE43A /* LocalisedStringMachine.swift in Sources */,
				62798A6D1DD8AAEF001F1DA8 /* Counter.swift in Sources */,
				CEAA9B351DDB905C00203FD1 /* OptionsScreen.swift in Sources */,
				CEAA9B2D1DDB8B9F00203FD1 /* LeaderboardFrontEnd.swift in Sources */,
				62798A751DD8AAEF001F1DA8 /* LaserBeam.swift in Sources */,
				62798A6A1DD8AAEF001F1DA8 /* Asteroid.swift in Sources */,
				CEAA9B331DDB900C00203FD1 /* AboutScreen.swift in Sources */,
				CE621EDE1DE106300005360F /* REColour.swift in Sources */,
				62750FFF1DDA719200358E4A /* GameOverScreen.swift in Sources */,
				62798A781DD8AAEF001F1DA8 /* Save.swift in Sources */,
				62750FFB1DDA6EDF00358E4A /* GameHUD.swift in Sources */,
				62798A731DD8AAEF001F1DA8 /* UserInterface.swift in Sources */,
				CEAA9B2F1DDB8BAE00203FD1 /* LeaderboardBackEnd.swift in Sources */,
				621C0B201E269EEB00557431 /* LeaderboardEntry.swift in Sources */,
				62750FF71DDA6AE900358E4A /* GameState.swift in Sources */,
				62798A6C1DD8AAEF001F1DA8 /* CollisionHandler.swift in Sources */,
				CE8083B91E54B89300749B52 /* FragmentEmitter.swift in Sources */,
				62798A681DD8AAEF001F1DA8 /* AppDelegate.swift in Sources */,
			);
			runOnlyForDeploymentPostprocessing = 0;
		};
		CE5B25F81DD02ACE00A0AB64 /* Sources */ = {
			isa = PBXSourcesBuildPhase;
			buildActionMask = 2147483647;
			files = (
				CE5B26011DD02ACE00A0AB64 /* RocksTests.swift in Sources */,
			);
			runOnlyForDeploymentPostprocessing = 0;
		};
		CE5B26031DD02ACE00A0AB64 /* Sources */ = {
			isa = PBXSourcesBuildPhase;
			buildActionMask = 2147483647;
			files = (
				CE5B260C1DD02ACE00A0AB64 /* RocksUITests.swift in Sources */,
			);
			runOnlyForDeploymentPostprocessing = 0;
		};
/* End PBXSourcesBuildPhase section */

/* Begin PBXTargetDependency section */
		CE5B25FE1DD02ACE00A0AB64 /* PBXTargetDependency */ = {
			isa = PBXTargetDependency;
			target = CE5B25E11DD02ACE00A0AB64 /* Rocks */;
			targetProxy = CE5B25FD1DD02ACE00A0AB64 /* PBXContainerItemProxy */;
		};
		CE5B26091DD02ACE00A0AB64 /* PBXTargetDependency */ = {
			isa = PBXTargetDependency;
			target = CE5B25E11DD02ACE00A0AB64 /* Rocks */;
			targetProxy = CE5B26081DD02ACE00A0AB64 /* PBXContainerItemProxy */;
		};
/* End PBXTargetDependency section */

/* Begin XCBuildConfiguration section */
		CE5B260E1DD02ACE00A0AB64 /* Debug */ = {
			isa = XCBuildConfiguration;
			buildSettings = {
				ALWAYS_SEARCH_USER_PATHS = NO;
				CLANG_ANALYZER_NONNULL = YES;
				CLANG_CXX_LANGUAGE_STANDARD = "gnu++0x";
				CLANG_CXX_LIBRARY = "libc++";
				CLANG_ENABLE_MODULES = YES;
				CLANG_ENABLE_OBJC_ARC = YES;
				CLANG_WARN_BOOL_CONVERSION = YES;
				CLANG_WARN_CONSTANT_CONVERSION = YES;
				CLANG_WARN_DIRECT_OBJC_ISA_USAGE = YES_ERROR;
				CLANG_WARN_DOCUMENTATION_COMMENTS = YES;
				CLANG_WARN_EMPTY_BODY = YES;
				CLANG_WARN_ENUM_CONVERSION = YES;
				CLANG_WARN_INFINITE_RECURSION = YES;
				CLANG_WARN_INT_CONVERSION = YES;
				CLANG_WARN_OBJC_ROOT_CLASS = YES_ERROR;
				CLANG_WARN_SUSPICIOUS_MOVE = YES;
				CLANG_WARN_SUSPICIOUS_MOVES = YES;
				CLANG_WARN_UNREACHABLE_CODE = YES;
				CLANG_WARN__DUPLICATE_METHOD_MATCH = YES;
				"CODE_SIGN_IDENTITY[sdk=iphoneos*]" = "iPhone Developer";
				COPY_PHASE_STRIP = NO;
				DEBUG_INFORMATION_FORMAT = dwarf;
				ENABLE_STRICT_OBJC_MSGSEND = YES;
				ENABLE_TESTABILITY = YES;
				GCC_C_LANGUAGE_STANDARD = gnu99;
				GCC_DYNAMIC_NO_PIC = NO;
				GCC_NO_COMMON_BLOCKS = YES;
				GCC_OPTIMIZATION_LEVEL = 0;
				GCC_PREPROCESSOR_DEFINITIONS = (
					"DEBUG=1",
					"$(inherited)",
				);
				GCC_WARN_64_TO_32_BIT_CONVERSION = YES;
				GCC_WARN_ABOUT_RETURN_TYPE = YES_ERROR;
				GCC_WARN_UNDECLARED_SELECTOR = YES;
				GCC_WARN_UNINITIALIZED_AUTOS = YES_AGGRESSIVE;
				GCC_WARN_UNUSED_FUNCTION = YES;
				GCC_WARN_UNUSED_VARIABLE = YES;
				IPHONEOS_DEPLOYMENT_TARGET = 10.1;
				MTL_ENABLE_DEBUG_INFO = YES;
				ONLY_ACTIVE_ARCH = YES;
				SDKROOT = iphoneos;
				SWIFT_ACTIVE_COMPILATION_CONDITIONS = DEBUG;
				SWIFT_OPTIMIZATION_LEVEL = "-Onone";
				TARGETED_DEVICE_FAMILY = "1,2";
			};
			name = Debug;
		};
		CE5B260F1DD02ACE00A0AB64 /* Release */ = {
			isa = XCBuildConfiguration;
			buildSettings = {
				ALWAYS_SEARCH_USER_PATHS = NO;
				CLANG_ANALYZER_NONNULL = YES;
				CLANG_CXX_LANGUAGE_STANDARD = "gnu++0x";
				CLANG_CXX_LIBRARY = "libc++";
				CLANG_ENABLE_MODULES = YES;
				CLANG_ENABLE_OBJC_ARC = YES;
				CLANG_WARN_BOOL_CONVERSION = YES;
				CLANG_WARN_CONSTANT_CONVERSION = YES;
				CLANG_WARN_DIRECT_OBJC_ISA_USAGE = YES_ERROR;
				CLANG_WARN_DOCUMENTATION_COMMENTS = YES;
				CLANG_WARN_EMPTY_BODY = YES;
				CLANG_WARN_ENUM_CONVERSION = YES;
				CLANG_WARN_INFINITE_RECURSION = YES;
				CLANG_WARN_INT_CONVERSION = YES;
				CLANG_WARN_OBJC_ROOT_CLASS = YES_ERROR;
				CLANG_WARN_SUSPICIOUS_MOVE = YES;
				CLANG_WARN_SUSPICIOUS_MOVES = YES;
				CLANG_WARN_UNREACHABLE_CODE = YES;
				CLANG_WARN__DUPLICATE_METHOD_MATCH = YES;
				"CODE_SIGN_IDENTITY[sdk=iphoneos*]" = "iPhone Developer";
				COPY_PHASE_STRIP = NO;
				DEBUG_INFORMATION_FORMAT = "dwarf-with-dsym";
				ENABLE_NS_ASSERTIONS = NO;
				ENABLE_STRICT_OBJC_MSGSEND = YES;
				GCC_C_LANGUAGE_STANDARD = gnu99;
				GCC_NO_COMMON_BLOCKS = YES;
				GCC_WARN_64_TO_32_BIT_CONVERSION = YES;
				GCC_WARN_ABOUT_RETURN_TYPE = YES_ERROR;
				GCC_WARN_UNDECLARED_SELECTOR = YES;
				GCC_WARN_UNINITIALIZED_AUTOS = YES_AGGRESSIVE;
				GCC_WARN_UNUSED_FUNCTION = YES;
				GCC_WARN_UNUSED_VARIABLE = YES;
				IPHONEOS_DEPLOYMENT_TARGET = 10.1;
				MTL_ENABLE_DEBUG_INFO = NO;
				SDKROOT = iphoneos;
				SWIFT_OPTIMIZATION_LEVEL = "-Owholemodule";
				TARGETED_DEVICE_FAMILY = "1,2";
				VALIDATE_PRODUCT = YES;
			};
			name = Release;
		};
		CE5B26111DD02ACE00A0AB64 /* Debug */ = {
			isa = XCBuildConfiguration;
			buildSettings = {
				ALWAYS_EMBED_SWIFT_STANDARD_LIBRARIES = YES;
				ASSETCATALOG_COMPILER_APPICON_NAME = AppIcon;
				ASSETCATALOG_COMPILER_LAUNCHIMAGE_NAME = LaunchImage;
				CLANG_ENABLE_MODULES = YES;
				DEVELOPMENT_TEAM = EM2LKXB8R4;
				INFOPLIST_FILE = Rocks/Info.plist;
				IPHONEOS_DEPLOYMENT_TARGET = 9.0;
				LD_RUNPATH_SEARCH_PATHS = "$(inherited) @executable_path/Frameworks";
				PRODUCT_BUNDLE_IDENTIFIER = "Ryan-Danny.Rocks3.2";
				PRODUCT_NAME = "$(TARGET_NAME)";
				SWIFT_OPTIMIZATION_LEVEL = "-Onone";
				SWIFT_VERSION = 3.0;
			};
			name = Debug;
		};
		CE5B26121DD02ACE00A0AB64 /* Release */ = {
			isa = XCBuildConfiguration;
			buildSettings = {
				ALWAYS_EMBED_SWIFT_STANDARD_LIBRARIES = YES;
				ASSETCATALOG_COMPILER_APPICON_NAME = AppIcon;
				ASSETCATALOG_COMPILER_LAUNCHIMAGE_NAME = LaunchImage;
				CLANG_ENABLE_MODULES = YES;
				DEVELOPMENT_TEAM = EM2LKXB8R4;
				INFOPLIST_FILE = Rocks/Info.plist;
				IPHONEOS_DEPLOYMENT_TARGET = 9.0;
				LD_RUNPATH_SEARCH_PATHS = "$(inherited) @executable_path/Frameworks";
				PRODUCT_BUNDLE_IDENTIFIER = "Ryan-Danny.Rocks3.2";
				PRODUCT_NAME = "$(TARGET_NAME)";
				SWIFT_VERSION = 3.0;
			};
			name = Release;
		};
		CE5B26141DD02ACE00A0AB64 /* Debug */ = {
			isa = XCBuildConfiguration;
			buildSettings = {
				ALWAYS_EMBED_SWIFT_STANDARD_LIBRARIES = YES;
				BUNDLE_LOADER = "$(TEST_HOST)";
				INFOPLIST_FILE = SnowboardingGamePrototypeTests/Info.plist;
				LD_RUNPATH_SEARCH_PATHS = "$(inherited) @executable_path/Frameworks @loader_path/Frameworks";
				PRODUCT_BUNDLE_IDENTIFIER = "Ryan-Needham.SnowboardingGamePrototypeTests";
				PRODUCT_NAME = "$(TARGET_NAME)";
				SWIFT_VERSION = 3.0;
				TEST_HOST = "$(BUILT_PRODUCTS_DIR)/Rocks.app/Rocks";
			};
			name = Debug;
		};
		CE5B26151DD02ACE00A0AB64 /* Release */ = {
			isa = XCBuildConfiguration;
			buildSettings = {
				ALWAYS_EMBED_SWIFT_STANDARD_LIBRARIES = YES;
				BUNDLE_LOADER = "$(TEST_HOST)";
				INFOPLIST_FILE = SnowboardingGamePrototypeTests/Info.plist;
				LD_RUNPATH_SEARCH_PATHS = "$(inherited) @executable_path/Frameworks @loader_path/Frameworks";
				PRODUCT_BUNDLE_IDENTIFIER = "Ryan-Needham.SnowboardingGamePrototypeTests";
				PRODUCT_NAME = "$(TARGET_NAME)";
				SWIFT_VERSION = 3.0;
				TEST_HOST = "$(BUILT_PRODUCTS_DIR)/Rocks.app/Rocks";
			};
			name = Release;
		};
		CE5B26171DD02ACE00A0AB64 /* Debug */ = {
			isa = XCBuildConfiguration;
			buildSettings = {
				ALWAYS_EMBED_SWIFT_STANDARD_LIBRARIES = YES;
				INFOPLIST_FILE = SnowboardingGamePrototypeUITests/Info.plist;
				LD_RUNPATH_SEARCH_PATHS = "$(inherited) @executable_path/Frameworks @loader_path/Frameworks";
				PRODUCT_BUNDLE_IDENTIFIER = "Ryan-Needham.SnowboardingGamePrototypeUITests";
				PRODUCT_NAME = "$(TARGET_NAME)";
				SWIFT_VERSION = 3.0;
				TEST_TARGET_NAME = SnowboardingGamePrototype;
			};
			name = Debug;
		};
		CE5B26181DD02ACE00A0AB64 /* Release */ = {
			isa = XCBuildConfiguration;
			buildSettings = {
				ALWAYS_EMBED_SWIFT_STANDARD_LIBRARIES = YES;
				INFOPLIST_FILE = SnowboardingGamePrototypeUITests/Info.plist;
				LD_RUNPATH_SEARCH_PATHS = "$(inherited) @executable_path/Frameworks @loader_path/Frameworks";
				PRODUCT_BUNDLE_IDENTIFIER = "Ryan-Needham.SnowboardingGamePrototypeUITests";
				PRODUCT_NAME = "$(TARGET_NAME)";
				SWIFT_VERSION = 3.0;
				TEST_TARGET_NAME = SnowboardingGamePrototype;
			};
			name = Release;
		};
/* End XCBuildConfiguration section */

/* Begin XCConfigurationList section */
		CE5B25DD1DD02ACE00A0AB64 /* Build configuration list for PBXProject "Rocks" */ = {
			isa = XCConfigurationList;
			buildConfigurations = (
				CE5B260E1DD02ACE00A0AB64 /* Debug */,
				CE5B260F1DD02ACE00A0AB64 /* Release */,
			);
			defaultConfigurationIsVisible = 0;
			defaultConfigurationName = Release;
		};
		CE5B26101DD02ACE00A0AB64 /* Build configuration list for PBXNativeTarget "Rocks" */ = {
			isa = XCConfigurationList;
			buildConfigurations = (
				CE5B26111DD02ACE00A0AB64 /* Debug */,
				CE5B26121DD02ACE00A0AB64 /* Release */,
			);
			defaultConfigurationIsVisible = 0;
			defaultConfigurationName = Release;
		};
		CE5B26131DD02ACE00A0AB64 /* Build configuration list for PBXNativeTarget "RocksTests" */ = {
			isa = XCConfigurationList;
			buildConfigurations = (
				CE5B26141DD02ACE00A0AB64 /* Debug */,
				CE5B26151DD02ACE00A0AB64 /* Release */,
			);
			defaultConfigurationIsVisible = 0;
			defaultConfigurationName = Release;
		};
		CE5B26161DD02ACE00A0AB64 /* Build configuration list for PBXNativeTarget "RocksUITests" */ = {
			isa = XCConfigurationList;
			buildConfigurations = (
				CE5B26171DD02ACE00A0AB64 /* Debug */,
				CE5B26181DD02ACE00A0AB64 /* Release */,
			);
			defaultConfigurationIsVisible = 0;
			defaultConfigurationName = Release;
		};
/* End XCConfigurationList section */
	};
	rootObject = CE5B25DA1DD02ACE00A0AB64 /* Project object */;
}
